// !$*UTF8*$!
{
	archiveVersion = 1;
	classes = {
	};
	objectVersion = 56;
	objects = {

/* Begin PBXBuildFile section */
		280D15BC2AA205EA0082F00D /* NotHesaplamaApp.swift in Sources */ = {isa = PBXBuildFile; fileRef = 280D15BB2AA205EA0082F00D /* NotHesaplamaApp.swift */; };
		280D15BE2AA205EA0082F00D /* ContentView.swift in Sources */ = {isa = PBXBuildFile; fileRef = 280D15BD2AA205EA0082F00D /* ContentView.swift */; };
		280D15C02AA205EB0082F00D /* Assets.xcassets in Resources */ = {isa = PBXBuildFile; fileRef = 280D15BF2AA205EB0082F00D /* Assets.xcassets */; };
		280D15C42AA205EB0082F00D /* Preview Assets.xcassets in Resources */ = {isa = PBXBuildFile; fileRef = 280D15C32AA205EB0082F00D /* Preview Assets.xcassets */; };
		280D15CE2AA205EB0082F00D /* NotHesaplamaTests.swift in Sources */ = {isa = PBXBuildFile; fileRef = 280D15CD2AA205EB0082F00D /* NotHesaplamaTests.swift */; };
		280D15D82AA205EB0082F00D /* NotHesaplamaUITests.swift in Sources */ = {isa = PBXBuildFile; fileRef = 280D15D72AA205EB0082F00D /* NotHesaplamaUITests.swift */; };
		280D15DA2AA205EB0082F00D /* NotHesaplamaUITestsLaunchTests.swift in Sources */ = {isa = PBXBuildFile; fileRef = 280D15D92AA205EB0082F00D /* NotHesaplamaUITestsLaunchTests.swift */; };
		283680A62AA8648200DF0DC5 /* AddClassView.swift in Sources */ = {isa = PBXBuildFile; fileRef = 283680A52AA8648200DF0DC5 /* AddClassView.swift */; };
		283680A82AA8669000DF0DC5 /* ListViewModel.swift in Sources */ = {isa = PBXBuildFile; fileRef = 283680A72AA8669000DF0DC5 /* ListViewModel.swift */; };
		283680AA2AA8682800DF0DC5 /* ItemModel.swift in Sources */ = {isa = PBXBuildFile; fileRef = 283680A92AA8682800DF0DC5 /* ItemModel.swift */; };
		283680B02AA88B3800DF0DC5 /* ListRowView.swift in Sources */ = {isa = PBXBuildFile; fileRef = 283680AF2AA88B3800DF0DC5 /* ListRowView.swift */; };
		283680B22AA8A3EA00DF0DC5 /* NoItemView.swift in Sources */ = {isa = PBXBuildFile; fileRef = 283680B12AA8A3EA00DF0DC5 /* NoItemView.swift */; };
		284252B22AA5F64600C99811 /* ClassesView.swift in Sources */ = {isa = PBXBuildFile; fileRef = 284252B12AA5F64600C99811 /* ClassesView.swift */; };
		284252B42AA611F300C99811 /* CalculatorView.swift in Sources */ = {isa = PBXBuildFile; fileRef = 284252B32AA611F300C99811 /* CalculatorView.swift */; };
		2895B6152AA5DBFA00C53DC8 /* LoginView.swift in Sources */ = {isa = PBXBuildFile; fileRef = 2895B6142AA5DBFA00C53DC8 /* LoginView.swift */; };
/* End PBXBuildFile section */

/* Begin PBXContainerItemProxy section */
		280D15CA2AA205EB0082F00D /* PBXContainerItemProxy */ = {
			isa = PBXContainerItemProxy;
			containerPortal = 280D15B02AA205EA0082F00D /* Project object */;
			proxyType = 1;
			remoteGlobalIDString = 280D15B72AA205EA0082F00D;
			remoteInfo = NotHesaplama;
		};
		280D15D42AA205EB0082F00D /* PBXContainerItemProxy */ = {
			isa = PBXContainerItemProxy;
			containerPortal = 280D15B02AA205EA0082F00D /* Project object */;
			proxyType = 1;
			remoteGlobalIDString = 280D15B72AA205EA0082F00D;
			remoteInfo = NotHesaplama;
		};
/* End PBXContainerItemProxy section */

/* Begin PBXFileReference section */
		280D15B82AA205EA0082F00D /* NotHesaplama.app */ = {isa = PBXFileReference; explicitFileType = wrapper.application; includeInIndex = 0; path = NotHesaplama.app; sourceTree = BUILT_PRODUCTS_DIR; };
		280D15BB2AA205EA0082F00D /* NotHesaplamaApp.swift */ = {isa = PBXFileReference; lastKnownFileType = sourcecode.swift; path = NotHesaplamaApp.swift; sourceTree = "<group>"; };
		280D15BD2AA205EA0082F00D /* ContentView.swift */ = {isa = PBXFileReference; lastKnownFileType = sourcecode.swift; path = ContentView.swift; sourceTree = "<group>"; };
		280D15BF2AA205EB0082F00D /* Assets.xcassets */ = {isa = PBXFileReference; lastKnownFileType = folder.assetcatalog; path = Assets.xcassets; sourceTree = "<group>"; };
		280D15C12AA205EB0082F00D /* NotHesaplama.entitlements */ = {isa = PBXFileReference; lastKnownFileType = text.plist.entitlements; path = NotHesaplama.entitlements; sourceTree = "<group>"; };
		280D15C32AA205EB0082F00D /* Preview Assets.xcassets */ = {isa = PBXFileReference; lastKnownFileType = folder.assetcatalog; path = "Preview Assets.xcassets"; sourceTree = "<group>"; };
		280D15C92AA205EB0082F00D /* NotHesaplamaTests.xctest */ = {isa = PBXFileReference; explicitFileType = wrapper.cfbundle; includeInIndex = 0; path = NotHesaplamaTests.xctest; sourceTree = BUILT_PRODUCTS_DIR; };
		280D15CD2AA205EB0082F00D /* NotHesaplamaTests.swift */ = {isa = PBXFileReference; lastKnownFileType = sourcecode.swift; path = NotHesaplamaTests.swift; sourceTree = "<group>"; };
		280D15D32AA205EB0082F00D /* NotHesaplamaUITests.xctest */ = {isa = PBXFileReference; explicitFileType = wrapper.cfbundle; includeInIndex = 0; path = NotHesaplamaUITests.xctest; sourceTree = BUILT_PRODUCTS_DIR; };
		280D15D72AA205EB0082F00D /* NotHesaplamaUITests.swift */ = {isa = PBXFileReference; lastKnownFileType = sourcecode.swift; path = NotHesaplamaUITests.swift; sourceTree = "<group>"; };
		280D15D92AA205EB0082F00D /* NotHesaplamaUITestsLaunchTests.swift */ = {isa = PBXFileReference; lastKnownFileType = sourcecode.swift; path = NotHesaplamaUITestsLaunchTests.swift; sourceTree = "<group>"; };
		283680A52AA8648200DF0DC5 /* AddClassView.swift */ = {isa = PBXFileReference; lastKnownFileType = sourcecode.swift; path = AddClassView.swift; sourceTree = "<group>"; };
		283680A72AA8669000DF0DC5 /* ListViewModel.swift */ = {isa = PBXFileReference; lastKnownFileType = sourcecode.swift; path = ListViewModel.swift; sourceTree = "<group>"; };
		283680A92AA8682800DF0DC5 /* ItemModel.swift */ = {isa = PBXFileReference; lastKnownFileType = sourcecode.swift; path = ItemModel.swift; sourceTree = "<group>"; };
		283680AF2AA88B3800DF0DC5 /* ListRowView.swift */ = {isa = PBXFileReference; lastKnownFileType = sourcecode.swift; path = ListRowView.swift; sourceTree = "<group>"; };
		283680B12AA8A3EA00DF0DC5 /* NoItemView.swift */ = {isa = PBXFileReference; lastKnownFileType = sourcecode.swift; path = NoItemView.swift; sourceTree = "<group>"; };
		284252B12AA5F64600C99811 /* ClassesView.swift */ = {isa = PBXFileReference; lastKnownFileType = sourcecode.swift; path = ClassesView.swift; sourceTree = "<group>"; };
		284252B32AA611F300C99811 /* CalculatorView.swift */ = {isa = PBXFileReference; lastKnownFileType = sourcecode.swift; path = CalculatorView.swift; sourceTree = "<group>"; };
		2895B6142AA5DBFA00C53DC8 /* LoginView.swift */ = {isa = PBXFileReference; lastKnownFileType = sourcecode.swift; path = LoginView.swift; sourceTree = "<group>"; };
/* End PBXFileReference section */

/* Begin PBXFrameworksBuildPhase section */
		280D15B52AA205EA0082F00D /* Frameworks */ = {
			isa = PBXFrameworksBuildPhase;
			buildActionMask = 2147483647;
			files = (
			);
			runOnlyForDeploymentPostprocessing = 0;
		};
		280D15C62AA205EB0082F00D /* Frameworks */ = {
			isa = PBXFrameworksBuildPhase;
			buildActionMask = 2147483647;
			files = (
			);
			runOnlyForDeploymentPostprocessing = 0;
		};
		280D15D02AA205EB0082F00D /* Frameworks */ = {
			isa = PBXFrameworksBuildPhase;
			buildActionMask = 2147483647;
			files = (
			);
			runOnlyForDeploymentPostprocessing = 0;
		};
/* End PBXFrameworksBuildPhase section */

/* Begin PBXGroup section */
		280D15AF2AA205EA0082F00D = {
			isa = PBXGroup;
			children = (
				280D15BA2AA205EA0082F00D /* NotHesaplama */,
				280D15D62AA205EB0082F00D /* NotHesaplamaUITests */,
				280D15B92AA205EA0082F00D /* Products */,
			);
			sourceTree = "<group>";
		};
		280D15B92AA205EA0082F00D /* Products */ = {
			isa = PBXGroup;
			children = (
				280D15B82AA205EA0082F00D /* NotHesaplama.app */,
				280D15C92AA205EB0082F00D /* NotHesaplamaTests.xctest */,
				280D15D32AA205EB0082F00D /* NotHesaplamaUITests.xctest */,
			);
			name = Products;
			sourceTree = "<group>";
		};
		280D15BA2AA205EA0082F00D /* NotHesaplama */ = {
			isa = PBXGroup;
			children = (
				283680AC2AA8834800DF0DC5 /* Views */,
				283680AB2AA8830F00DF0DC5 /* Models */,
				280D15BB2AA205EA0082F00D /* NotHesaplamaApp.swift */,
				280D15BD2AA205EA0082F00D /* ContentView.swift */,
				280D15BF2AA205EB0082F00D /* Assets.xcassets */,
				280D15C12AA205EB0082F00D /* NotHesaplama.entitlements */,
				280D15C22AA205EB0082F00D /* Preview Content */,
				280D15CC2AA205EB0082F00D /* NotHesaplamaTests */,
			);
			path = NotHesaplama;
			sourceTree = "<group>";
		};
		280D15C22AA205EB0082F00D /* Preview Content */ = {
			isa = PBXGroup;
			children = (
				280D15C32AA205EB0082F00D /* Preview Assets.xcassets */,
			);
			path = "Preview Content";
			sourceTree = "<group>";
		};
		280D15CC2AA205EB0082F00D /* NotHesaplamaTests */ = {
			isa = PBXGroup;
			children = (
				280D15CD2AA205EB0082F00D /* NotHesaplamaTests.swift */,
			);
			path = NotHesaplamaTests;
			sourceTree = "<group>";
		};
		280D15D62AA205EB0082F00D /* NotHesaplamaUITests */ = {
			isa = PBXGroup;
			children = (
				280D15D72AA205EB0082F00D /* NotHesaplamaUITests.swift */,
				280D15D92AA205EB0082F00D /* NotHesaplamaUITestsLaunchTests.swift */,
			);
			path = NotHesaplamaUITests;
			sourceTree = "<group>";
		};
		283680AB2AA8830F00DF0DC5 /* Models */ = {
			isa = PBXGroup;
			children = (
				283680A92AA8682800DF0DC5 /* ItemModel.swift */,
				283680A72AA8669000DF0DC5 /* ListViewModel.swift */,
			);
			path = Models;
			sourceTree = "<group>";
		};
		283680AC2AA8834800DF0DC5 /* Views */ = {
			isa = PBXGroup;
			children = (
				2895B6142AA5DBFA00C53DC8 /* LoginView.swift */,
				284252B12AA5F64600C99811 /* ClassesView.swift */,
				283680A52AA8648200DF0DC5 /* AddClassView.swift */,
				284252B32AA611F300C99811 /* CalculatorView.swift */,
				283680AF2AA88B3800DF0DC5 /* ListRowView.swift */,
				283680B12AA8A3EA00DF0DC5 /* NoItemView.swift */,
			);
			path = Views;
			sourceTree = "<group>";
		};
/* End PBXGroup section */

/* Begin PBXNativeTarget section */
		280D15B72AA205EA0082F00D /* NotHesaplama */ = {
			isa = PBXNativeTarget;
			buildConfigurationList = 280D15DD2AA205EB0082F00D /* Build configuration list for PBXNativeTarget "NotHesaplama" */;
			buildPhases = (
				280D15B42AA205EA0082F00D /* Sources */,
				280D15B52AA205EA0082F00D /* Frameworks */,
				280D15B62AA205EA0082F00D /* Resources */,
			);
			buildRules = (
			);
			dependencies = (
			);
			name = NotHesaplama;
			productName = NotHesaplama;
			productReference = 280D15B82AA205EA0082F00D /* NotHesaplama.app */;
			productType = "com.apple.product-type.application";
		};
		280D15C82AA205EB0082F00D /* NotHesaplamaTests */ = {
			isa = PBXNativeTarget;
			buildConfigurationList = 280D15E02AA205EB0082F00D /* Build configuration list for PBXNativeTarget "NotHesaplamaTests" */;
			buildPhases = (
				280D15C52AA205EB0082F00D /* Sources */,
				280D15C62AA205EB0082F00D /* Frameworks */,
				280D15C72AA205EB0082F00D /* Resources */,
			);
			buildRules = (
			);
			dependencies = (
				280D15CB2AA205EB0082F00D /* PBXTargetDependency */,
			);
			name = NotHesaplamaTests;
			productName = NotHesaplamaTests;
			productReference = 280D15C92AA205EB0082F00D /* NotHesaplamaTests.xctest */;
			productType = "com.apple.product-type.bundle.unit-test";
		};
		280D15D22AA205EB0082F00D /* NotHesaplamaUITests */ = {
			isa = PBXNativeTarget;
			buildConfigurationList = 280D15E32AA205EB0082F00D /* Build configuration list for PBXNativeTarget "NotHesaplamaUITests" */;
			buildPhases = (
				280D15CF2AA205EB0082F00D /* Sources */,
				280D15D02AA205EB0082F00D /* Frameworks */,
				280D15D12AA205EB0082F00D /* Resources */,
			);
			buildRules = (
			);
			dependencies = (
				280D15D52AA205EB0082F00D /* PBXTargetDependency */,
			);
			name = NotHesaplamaUITests;
			productName = NotHesaplamaUITests;
			productReference = 280D15D32AA205EB0082F00D /* NotHesaplamaUITests.xctest */;
			productType = "com.apple.product-type.bundle.ui-testing";
		};
/* End PBXNativeTarget section */

/* Begin PBXProject section */
		280D15B02AA205EA0082F00D /* Project object */ = {
			isa = PBXProject;
			attributes = {
				BuildIndependentTargetsInParallel = 1;
				LastSwiftUpdateCheck = 1430;
				LastUpgradeCheck = 1430;
				TargetAttributes = {
					280D15B72AA205EA0082F00D = {
						CreatedOnToolsVersion = 14.3.1;
					};
					280D15C82AA205EB0082F00D = {
						CreatedOnToolsVersion = 14.3.1;
						TestTargetID = 280D15B72AA205EA0082F00D;
					};
					280D15D22AA205EB0082F00D = {
						CreatedOnToolsVersion = 14.3.1;
						TestTargetID = 280D15B72AA205EA0082F00D;
					};
				};
			};
			buildConfigurationList = 280D15B32AA205EA0082F00D /* Build configuration list for PBXProject "NotHesaplama" */;
			compatibilityVersion = "Xcode 14.0";
			developmentRegion = en;
			hasScannedForEncodings = 0;
			knownRegions = (
				en,
				Base,
			);
			mainGroup = 280D15AF2AA205EA0082F00D;
			productRefGroup = 280D15B92AA205EA0082F00D /* Products */;
			projectDirPath = "";
			projectRoot = "";
			targets = (
				280D15B72AA205EA0082F00D /* NotHesaplama */,
				280D15C82AA205EB0082F00D /* NotHesaplamaTests */,
				280D15D22AA205EB0082F00D /* NotHesaplamaUITests */,
			);
		};
/* End PBXProject section */

/* Begin PBXResourcesBuildPhase section */
		280D15B62AA205EA0082F00D /* Resources */ = {
			isa = PBXResourcesBuildPhase;
			buildActionMask = 2147483647;
			files = (
				280D15C42AA205EB0082F00D /* Preview Assets.xcassets in Resources */,
				280D15C02AA205EB0082F00D /* Assets.xcassets in Resources */,
			);
			runOnlyForDeploymentPostprocessing = 0;
		};
		280D15C72AA205EB0082F00D /* Resources */ = {
			isa = PBXResourcesBuildPhase;
			buildActionMask = 2147483647;
			files = (
			);
			runOnlyForDeploymentPostprocessing = 0;
		};
		280D15D12AA205EB0082F00D /* Resources */ = {
			isa = PBXResourcesBuildPhase;
			buildActionMask = 2147483647;
			files = (
			);
			runOnlyForDeploymentPostprocessing = 0;
		};
/* End PBXResourcesBuildPhase section */

/* Begin PBXSourcesBuildPhase section */
		280D15B42AA205EA0082F00D /* Sources */ = {
			isa = PBXSourcesBuildPhase;
			buildActionMask = 2147483647;
			files = (
				2895B6152AA5DBFA00C53DC8 /* LoginView.swift in Sources */,
				284252B42AA611F300C99811 /* CalculatorView.swift in Sources */,
				283680AA2AA8682800DF0DC5 /* ItemModel.swift in Sources */,
				283680A82AA8669000DF0DC5 /* ListViewModel.swift in Sources */,
				283680A62AA8648200DF0DC5 /* AddClassView.swift in Sources */,
				284252B22AA5F64600C99811 /* ClassesView.swift in Sources */,
				280D15BE2AA205EA0082F00D /* ContentView.swift in Sources */,
				280D15BC2AA205EA0082F00D /* NotHesaplamaApp.swift in Sources */,
				283680B22AA8A3EA00DF0DC5 /* NoItemView.swift in Sources */,
				283680B02AA88B3800DF0DC5 /* ListRowView.swift in Sources */,
			);
			runOnlyForDeploymentPostprocessing = 0;
		};
		280D15C52AA205EB0082F00D /* Sources */ = {
			isa = PBXSourcesBuildPhase;
			buildActionMask = 2147483647;
			files = (
				280D15CE2AA205EB0082F00D /* NotHesaplamaTests.swift in Sources */,
			);
			runOnlyForDeploymentPostprocessing = 0;
		};
		280D15CF2AA205EB0082F00D /* Sources */ = {
			isa = PBXSourcesBuildPhase;
			buildActionMask = 2147483647;
			files = (
				280D15D82AA205EB0082F00D /* NotHesaplamaUITests.swift in Sources */,
				280D15DA2AA205EB0082F00D /* NotHesaplamaUITestsLaunchTests.swift in Sources */,
			);
			runOnlyForDeploymentPostprocessing = 0;
		};
/* End PBXSourcesBuildPhase section */

/* Begin PBXTargetDependency section */
		280D15CB2AA205EB0082F00D /* PBXTargetDependency */ = {
			isa = PBXTargetDependency;
			target = 280D15B72AA205EA0082F00D /* NotHesaplama */;
			targetProxy = 280D15CA2AA205EB0082F00D /* PBXContainerItemProxy */;
		};
		280D15D52AA205EB0082F00D /* PBXTargetDependency */ = {
			isa = PBXTargetDependency;
			target = 280D15B72AA205EA0082F00D /* NotHesaplama */;
			targetProxy = 280D15D42AA205EB0082F00D /* PBXContainerItemProxy */;
		};
/* End PBXTargetDependency section */

/* Begin XCBuildConfiguration section */
		280D15DB2AA205EB0082F00D /* Debug */ = {
			isa = XCBuildConfiguration;
			buildSettings = {
				ALWAYS_SEARCH_USER_PATHS = NO;
				CLANG_ANALYZER_NONNULL = YES;
				CLANG_ANALYZER_NUMBER_OBJECT_CONVERSION = YES_AGGRESSIVE;
				CLANG_CXX_LANGUAGE_STANDARD = "gnu++20";
				CLANG_ENABLE_MODULES = YES;
				CLANG_ENABLE_OBJC_ARC = YES;
				CLANG_ENABLE_OBJC_WEAK = YES;
				CLANG_WARN_BLOCK_CAPTURE_AUTORELEASING = YES;
				CLANG_WARN_BOOL_CONVERSION = YES;
				CLANG_WARN_COMMA = YES;
				CLANG_WARN_CONSTANT_CONVERSION = YES;
				CLANG_WARN_DEPRECATED_OBJC_IMPLEMENTATIONS = YES;
				CLANG_WARN_DIRECT_OBJC_ISA_USAGE = YES_ERROR;
				CLANG_WARN_DOCUMENTATION_COMMENTS = YES;
				CLANG_WARN_EMPTY_BODY = YES;
				CLANG_WARN_ENUM_CONVERSION = YES;
				CLANG_WARN_INFINITE_RECURSION = YES;
				CLANG_WARN_INT_CONVERSION = YES;
				CLANG_WARN_NON_LITERAL_NULL_CONVERSION = YES;
				CLANG_WARN_OBJC_IMPLICIT_RETAIN_SELF = YES;
				CLANG_WARN_OBJC_LITERAL_CONVERSION = YES;
				CLANG_WARN_OBJC_ROOT_CLASS = YES_ERROR;
				CLANG_WARN_QUOTED_INCLUDE_IN_FRAMEWORK_HEADER = YES;
				CLANG_WARN_RANGE_LOOP_ANALYSIS = YES;
				CLANG_WARN_STRICT_PROTOTYPES = YES;
				CLANG_WARN_SUSPICIOUS_MOVE = YES;
				CLANG_WARN_UNGUARDED_AVAILABILITY = YES_AGGRESSIVE;
				CLANG_WARN_UNREACHABLE_CODE = YES;
				CLANG_WARN__DUPLICATE_METHOD_MATCH = YES;
				COPY_PHASE_STRIP = NO;
				DEBUG_INFORMATION_FORMAT = dwarf;
				ENABLE_STRICT_OBJC_MSGSEND = YES;
				ENABLE_TESTABILITY = YES;
				GCC_C_LANGUAGE_STANDARD = gnu11;
				GCC_DYNAMIC_NO_PIC = NO;
				GCC_NO_COMMON_BLOCKS = YES;
				GCC_OPTIMIZATION_LEVEL = 0;
				GCC_PREPROCESSOR_DEFINITIONS = (
					"DEBUG=1",
					"$(inherited)",
				);
				GCC_WARN_64_TO_32_BIT_CONVERSION = YES;
				GCC_WARN_ABOUT_RETURN_TYPE = YES_ERROR;
				GCC_WARN_UNDECLARED_SELECTOR = YES;
				GCC_WARN_UNINITIALIZED_AUTOS = YES_AGGRESSIVE;
				GCC_WARN_UNUSED_FUNCTION = YES;
				GCC_WARN_UNUSED_VARIABLE = YES;
				MTL_ENABLE_DEBUG_INFO = INCLUDE_SOURCE;
				MTL_FAST_MATH = YES;
				ONLY_ACTIVE_ARCH = YES;
				SWIFT_ACTIVE_COMPILATION_CONDITIONS = DEBUG;
				SWIFT_OPTIMIZATION_LEVEL = "-Onone";
			};
			name = Debug;
		};
		280D15DC2AA205EB0082F00D /* Release */ = {
			isa = XCBuildConfiguration;
			buildSettings = {
				ALWAYS_SEARCH_USER_PATHS = NO;
				CLANG_ANALYZER_NONNULL = YES;
				CLANG_ANALYZER_NUMBER_OBJECT_CONVERSION = YES_AGGRESSIVE;
				CLANG_CXX_LANGUAGE_STANDARD = "gnu++20";
				CLANG_ENABLE_MODULES = YES;
				CLANG_ENABLE_OBJC_ARC = YES;
				CLANG_ENABLE_OBJC_WEAK = YES;
				CLANG_WARN_BLOCK_CAPTURE_AUTORELEASING = YES;
				CLANG_WARN_BOOL_CONVERSION = YES;
				CLANG_WARN_COMMA = YES;
				CLANG_WARN_CONSTANT_CONVERSION = YES;
				CLANG_WARN_DEPRECATED_OBJC_IMPLEMENTATIONS = YES;
				CLANG_WARN_DIRECT_OBJC_ISA_USAGE = YES_ERROR;
				CLANG_WARN_DOCUMENTATION_COMMENTS = YES;
				CLANG_WARN_EMPTY_BODY = YES;
				CLANG_WARN_ENUM_CONVERSION = YES;
				CLANG_WARN_INFINITE_RECURSION = YES;
				CLANG_WARN_INT_CONVERSION = YES;
				CLANG_WARN_NON_LITERAL_NULL_CONVERSION = YES;
				CLANG_WARN_OBJC_IMPLICIT_RETAIN_SELF = YES;
				CLANG_WARN_OBJC_LITERAL_CONVERSION = YES;
				CLANG_WARN_OBJC_ROOT_CLASS = YES_ERROR;
				CLANG_WARN_QUOTED_INCLUDE_IN_FRAMEWORK_HEADER = YES;
				CLANG_WARN_RANGE_LOOP_ANALYSIS = YES;
				CLANG_WARN_STRICT_PROTOTYPES = YES;
				CLANG_WARN_SUSPICIOUS_MOVE = YES;
				CLANG_WARN_UNGUARDED_AVAILABILITY = YES_AGGRESSIVE;
				CLANG_WARN_UNREACHABLE_CODE = YES;
				CLANG_WARN__DUPLICATE_METHOD_MATCH = YES;
				COPY_PHASE_STRIP = NO;
				DEBUG_INFORMATION_FORMAT = "dwarf-with-dsym";
				ENABLE_NS_ASSERTIONS = NO;
				ENABLE_STRICT_OBJC_MSGSEND = YES;
				GCC_C_LANGUAGE_STANDARD = gnu11;
				GCC_NO_COMMON_BLOCKS = YES;
				GCC_WARN_64_TO_32_BIT_CONVERSION = YES;
				GCC_WARN_ABOUT_RETURN_TYPE = YES_ERROR;
				GCC_WARN_UNDECLARED_SELECTOR = YES;
				GCC_WARN_UNINITIALIZED_AUTOS = YES_AGGRESSIVE;
				GCC_WARN_UNUSED_FUNCTION = YES;
				GCC_WARN_UNUSED_VARIABLE = YES;
				MTL_ENABLE_DEBUG_INFO = NO;
				MTL_FAST_MATH = YES;
				SWIFT_COMPILATION_MODE = wholemodule;
				SWIFT_OPTIMIZATION_LEVEL = "-O";
			};
			name = Release;
		};
		280D15DE2AA205EB0082F00D /* Debug */ = {
			isa = XCBuildConfiguration;
			buildSettings = {
				ASSETCATALOG_COMPILER_APPICON_NAME = AppIcon;
				ASSETCATALOG_COMPILER_GLOBAL_ACCENT_COLOR_NAME = AccentColor;
				CODE_SIGN_ENTITLEMENTS = NotHesaplama/NotHesaplama.entitlements;
				CODE_SIGN_STYLE = Automatic;
				CURRENT_PROJECT_VERSION = 1;
				DEVELOPMENT_ASSET_PATHS = "\"NotHesaplama/Preview Content\"";
				ENABLE_PREVIEWS = YES;
				GENERATE_INFOPLIST_FILE = YES;
				"INFOPLIST_KEY_UIApplicationSceneManifest_Generation[sdk=iphoneos*]" = YES;
				"INFOPLIST_KEY_UIApplicationSceneManifest_Generation[sdk=iphonesimulator*]" = YES;
				"INFOPLIST_KEY_UIApplicationSupportsIndirectInputEvents[sdk=iphoneos*]" = YES;
				"INFOPLIST_KEY_UIApplicationSupportsIndirectInputEvents[sdk=iphonesimulator*]" = YES;
				"INFOPLIST_KEY_UILaunchScreen_Generation[sdk=iphoneos*]" = YES;
				"INFOPLIST_KEY_UILaunchScreen_Generation[sdk=iphonesimulator*]" = YES;
				"INFOPLIST_KEY_UIStatusBarStyle[sdk=iphoneos*]" = UIStatusBarStyleDefault;
				"INFOPLIST_KEY_UIStatusBarStyle[sdk=iphonesimulator*]" = UIStatusBarStyleDefault;
				INFOPLIST_KEY_UISupportedInterfaceOrientations_iPad = "UIInterfaceOrientationPortrait UIInterfaceOrientationPortraitUpsideDown UIInterfaceOrientationLandscapeLeft UIInterfaceOrientationLandscapeRight";
				INFOPLIST_KEY_UISupportedInterfaceOrientations_iPhone = "UIInterfaceOrientationPortrait UIInterfaceOrientationLandscapeLeft UIInterfaceOrientationLandscapeRight";
				IPHONEOS_DEPLOYMENT_TARGET = 16.4;
				LD_RUNPATH_SEARCH_PATHS = "@executable_path/Frameworks";
				"LD_RUNPATH_SEARCH_PATHS[sdk=macosx*]" = "@executable_path/../Frameworks";
				MACOSX_DEPLOYMENT_TARGET = 13.2;
				MARKETING_VERSION = 1.0;
				PRODUCT_BUNDLE_IDENTIFIER = com.burcukamilcelebi.NotHesaplama;
				PRODUCT_NAME = "$(TARGET_NAME)";
				SDKROOT = auto;
				SUPPORTED_PLATFORMS = "iphoneos iphonesimulator macosx";
				SWIFT_EMIT_LOC_STRINGS = YES;
				SWIFT_VERSION = 5.0;
				TARGETED_DEVICE_FAMILY = "1,2";
			};
			name = Debug;
		};
		280D15DF2AA205EB0082F00D /* Release */ = {
			isa = XCBuildConfiguration;
			buildSettings = {
				ASSETCATALOG_COMPILER_APPICON_NAME = AppIcon;
				ASSETCATALOG_COMPILER_GLOBAL_ACCENT_COLOR_NAME = AccentColor;
				CODE_SIGN_ENTITLEMENTS = NotHesaplama/NotHesaplama.entitlements;
				CODE_SIGN_STYLE = Automatic;
				CURRENT_PROJECT_VERSION = 1;
				DEVELOPMENT_ASSET_PATHS = "\"NotHesaplama/Preview Content\"";
				ENABLE_PREVIEWS = YES;
				GENERATE_INFOPLIST_FILE = YES;
				"INFOPLIST_KEY_UIApplicationSceneManifest_Generation[sdk=iphoneos*]" = YES;
				"INFOPLIST_KEY_UIApplicationSceneManifest_Generation[sdk=iphonesimulator*]" = YES;
				"INFOPLIST_KEY_UIApplicationSupportsIndirectInputEvents[sdk=iphoneos*]" = YES;
				"INFOPLIST_KEY_UIApplicationSupportsIndirectInputEvents[sdk=iphonesimulator*]" = YES;
				"INFOPLIST_KEY_UILaunchScreen_Generation[sdk=iphoneos*]" = YES;
				"INFOPLIST_KEY_UILaunchScreen_Generation[sdk=iphonesimulator*]" = YES;
				"INFOPLIST_KEY_UIStatusBarStyle[sdk=iphoneos*]" = UIStatusBarStyleDefault;
				"INFOPLIST_KEY_UIStatusBarStyle[sdk=iphonesimulator*]" = UIStatusBarStyleDefault;
				INFOPLIST_KEY_UISupportedInterfaceOrientations_iPad = "UIInterfaceOrientationPortrait UIInterfaceOrientationPortraitUpsideDown UIInterfaceOrientationLandscapeLeft UIInterfaceOrientationLandscapeRight";
				INFOPLIST_KEY_UISupportedInterfaceOrientations_iPhone = "UIInterfaceOrientationPortrait UIInterfaceOrientationLandscapeLeft UIInterfaceOrientationLandscapeRight";
				IPHONEOS_DEPLOYMENT_TARGET = 16.4;
				LD_RUNPATH_SEARCH_PATHS = "@executable_path/Frameworks";
				"LD_RUNPATH_SEARCH_PATHS[sdk=macosx*]" = "@executable_path/../Frameworks";
				MACOSX_DEPLOYMENT_TARGET = 13.2;
				MARKETING_VERSION = 1.0;
				PRODUCT_BUNDLE_IDENTIFIER = com.burcukamilcelebi.NotHesaplama;
				PRODUCT_NAME = "$(TARGET_NAME)";
				SDKROOT = auto;
				SUPPORTED_PLATFORMS = "iphoneos iphonesimulator macosx";
				SWIFT_EMIT_LOC_STRINGS = YES;
				SWIFT_VERSION = 5.0;
				TARGETED_DEVICE_FAMILY = "1,2";
			};
			name = Release;
		};
		280D15E12AA205EB0082F00D /* Debug */ = {
			isa = XCBuildConfiguration;
			buildSettings = {
				ALWAYS_EMBED_SWIFT_STANDARD_LIBRARIES = YES;
				BUNDLE_LOADER = "$(TEST_HOST)";
				CODE_SIGN_STYLE = Automatic;
				CURRENT_PROJECT_VERSION = 1;
				GENERATE_INFOPLIST_FILE = YES;
				IPHONEOS_DEPLOYMENT_TARGET = 16.4;
				MACOSX_DEPLOYMENT_TARGET = 13.2;
				MARKETING_VERSION = 1.0;
				PRODUCT_BUNDLE_IDENTIFIER = com.burcukamilcelebi.NotHesaplamaTests;
				PRODUCT_NAME = "$(TARGET_NAME)";
				SDKROOT = auto;
				SUPPORTED_PLATFORMS = "iphoneos iphonesimulator macosx";
				SWIFT_EMIT_LOC_STRINGS = NO;
				SWIFT_VERSION = 5.0;
				TARGETED_DEVICE_FAMILY = "1,2";
				TEST_HOST = "$(BUILT_PRODUCTS_DIR)/NotHesaplama.app/$(BUNDLE_EXECUTABLE_FOLDER_PATH)/NotHesaplama";
			};
			name = Debug;
		};
		280D15E22AA205EB0082F00D /* Release */ = {
			isa = XCBuildConfiguration;
			buildSettings = {
				ALWAYS_EMBED_SWIFT_STANDARD_LIBRARIES = YES;
				BUNDLE_LOADER = "$(TEST_HOST)";
				CODE_SIGN_STYLE = Automatic;
				CURRENT_PROJECT_VERSION = 1;
				GENERATE_INFOPLIST_FILE = YES;
				IPHONEOS_DEPLOYMENT_TARGET = 16.4;
				MACOSX_DEPLOYMENT_TARGET = 13.2;
				MARKETING_VERSION = 1.0;
				PRODUCT_BUNDLE_IDENTIFIER = com.burcukamilcelebi.NotHesaplamaTests;
				PRODUCT_NAME = "$(TARGET_NAME)";
				SDKROOT = auto;
				SUPPORTED_PLATFORMS = "iphoneos iphonesimulator macosx";
				SWIFT_EMIT_LOC_STRINGS = NO;
				SWIFT_VERSION = 5.0;
				TARGETED_DEVICE_FAMILY = "1,2";
				TEST_HOST = "$(BUILT_PRODUCTS_DIR)/NotHesaplama.app/$(BUNDLE_EXECUTABLE_FOLDER_PATH)/NotHesaplama";
			};
			name = Release;
		};
		280D15E42AA205EB0082F00D /* Debug */ = {
			isa = XCBuildConfiguration;
			buildSettings = {
				ALWAYS_EMBED_SWIFT_STANDARD_LIBRARIES = YES;
				CODE_SIGN_STYLE = Automatic;
				CURRENT_PROJECT_VERSION = 1;
				GENERATE_INFOPLIST_FILE = YES;
				IPHONEOS_DEPLOYMENT_TARGET = 16.4;
				MACOSX_DEPLOYMENT_TARGET = 13.2;
				MARKETING_VERSION = 1.0;
				PRODUCT_BUNDLE_IDENTIFIER = com.burcukamilcelebi.NotHesaplamaUITests;
				PRODUCT_NAME = "$(TARGET_NAME)";
				SDKROOT = auto;
				SUPPORTED_PLATFORMS = "iphoneos iphonesimulator macosx";
				SWIFT_EMIT_LOC_STRINGS = NO;
				SWIFT_VERSION = 5.0;
				TARGETED_DEVICE_FAMILY = "1,2";
				TEST_TARGET_NAME = NotHesaplama;
			};
			name = Debug;
		};
		280D15E52AA205EB0082F00D /* Release */ = {
			isa = XCBuildConfiguration;
			buildSettings = {
				ALWAYS_EMBED_SWIFT_STANDARD_LIBRARIES = YES;
				CODE_SIGN_STYLE = Automatic;
				CURRENT_PROJECT_VERSION = 1;
				GENERATE_INFOPLIST_FILE = YES;
				IPHONEOS_DEPLOYMENT_TARGET = 16.4;
				MACOSX_DEPLOYMENT_TARGET = 13.2;
				MARKETING_VERSION = 1.0;
				PRODUCT_BUNDLE_IDENTIFIER = com.burcukamilcelebi.NotHesaplamaUITests;
				PRODUCT_NAME = "$(TARGET_NAME)";
				SDKROOT = auto;
				SUPPORTED_PLATFORMS = "iphoneos iphonesimulator macosx";
				SWIFT_EMIT_LOC_STRINGS = NO;
				SWIFT_VERSION = 5.0;
				TARGETED_DEVICE_FAMILY = "1,2";
				TEST_TARGET_NAME = NotHesaplama;
			};
			name = Release;
		};
/* End XCBuildConfiguration section */

/* Begin XCConfigurationList section */
		280D15B32AA205EA0082F00D /* Build configuration list for PBXProject "NotHesaplama" */ = {
			isa = XCConfigurationList;
			buildConfigurations = (
				280D15DB2AA205EB0082F00D /* Debug */,
				280D15DC2AA205EB0082F00D /* Release */,
			);
			defaultConfigurationIsVisible = 0;
			defaultConfigurationName = Release;
		};
		280D15DD2AA205EB0082F00D /* Build configuration list for PBXNativeTarget "NotHesaplama" */ = {
			isa = XCConfigurationList;
			buildConfigurations = (
				280D15DE2AA205EB0082F00D /* Debug */,
				280D15DF2AA205EB0082F00D /* Release */,
			);
			defaultConfigurationIsVisible = 0;
			defaultConfigurationName = Release;
		};
		280D15E02AA205EB0082F00D /* Build configuration list for PBXNativeTarget "NotHesaplamaTests" */ = {
			isa = XCConfigurationList;
			buildConfigurations = (
				280D15E12AA205EB0082F00D /* Debug */,
				280D15E22AA205EB0082F00D /* Release */,
			);
			defaultConfigurationIsVisible = 0;
			defaultConfigurationName = Release;
		};
		280D15E32AA205EB0082F00D /* Build configuration list for PBXNativeTarget "NotHesaplamaUITests" */ = {
			isa = XCConfigurationList;
			buildConfigurations = (
				280D15E42AA205EB0082F00D /* Debug */,
				280D15E52AA205EB0082F00D /* Release */,
			);
			defaultConfigurationIsVisible = 0;
			defaultConfigurationName = Release;
		};
/* End XCConfigurationList section */
	};
	rootObject = 280D15B02AA205EA0082F00D /* Project object */;
}
